schema: '2.0'
stages:
  make_dataset:
    cmd: python3 src/data/make_dataset.py -c house-prices-advanced-regression-techniques
      -tr train.csv -te test.csv -o ./data/raw
    deps:
    - path: src/data/make_dataset.py
      md5: 66a8797f0ed1afb96a0cf8f024251bd9
      size: 1654
    outs:
    - path: data/raw/test.csv
      md5: dcec4b79bf9c7317bd9e17789bf888f0
      size: 451405
    - path: data/raw/train.csv
      md5: 80ccab65fb115cbad143dbbd2bcd5577
      size: 460676
  encode_labels:
    cmd: python3 src/data/encode_labels.py -tr data/raw/train.csv -te data/raw/test.csv
      -o data/interim
    deps:
    - path: data/raw/test.csv
      md5: dcec4b79bf9c7317bd9e17789bf888f0
      size: 451405
    - path: data/raw/train.csv
      md5: 80ccab65fb115cbad143dbbd2bcd5577
      size: 460676
    - path: src/data/encode_labels.py
      md5: ccdb627070354be67c6336ae9c286ecd
      size: 2955
    params:
      params.yaml:
        encoding:
          binary_to_numerical_cols:
          - CentralAir
    outs:
    - path: data/interim/test_categorized.csv
      md5: 3262d0ef8b68417d675f46219a50d6c9
      size: 1644830
    - path: data/interim/train_categorized.csv
      md5: e8a3d808a439796c761fd48b70c1e1e6
      size: 1651842
